
Microsoft Visual Studio Solution File, Format Version 12.00
# Visual Studio 15
VisualStudioVersion = 15.0.28307.960
MinimumVisualStudioVersion = 10.0.40219.1
Project("{8BC9CEB8-8B4A-11D0-8D11-00A0C91BC942}") = "Game", "Game.vcxproj", "{388EBE39-595E-415C-8541-C9FA5C57A1EC}"
EndProject
Global
	GlobalSection(SolutionConfigurationPlatforms) = preSolution
		Debug|x64 = Debug|x64
		Debug|x86 = Debug|x86
		Release|x64 = Release|x64
		Release|x86 = Release|x86
	EndGlobalSection
	GlobalSection(ProjectConfigurationPlatforms) = postSolution
		{388EBE39-595E-415C-8541-C9FA5C57A1EC}.Debug|x64.ActiveCfg = Debug|x64
		{388EBE39-595E-415C-8541-C9FA5C57A1EC}.Debug|x64.Build.0 = Debug|x64
		{388EBE39-595E-415C-8541-C9FA5C57A1EC}.Debug|x86.ActiveCfg = Debug|Win32
		{388EBE39-595E-415C-8541-C9FA5C57A1EC}.Debug|x86.Build.0 = Debug|Win32
		{388EBE39-595E-415C-8541-C9FA5C57A1EC}.Release|x64.ActiveCfg = Release|x64
		{388EBE39-595E-415C-8541-C9FA5C57A1EC}.Release|x64.Build.0 = Release|x64
		{388EBE39-595E-415C-8541-C9FA5C57A1EC}.Release|x86.ActiveCfg = Release|Win32
		{388EBE39-595E-415C-8541-C9FA5C57A1EC}.Release|x86.Build.0 = Release|Win32
	EndGlobalSection
	GlobalSection(SolutionProperties) = preSolution
		HideSolutionNode = FALSE
	EndGlobalSection
	GlobalSection(ExtensibilityGlobals) = postSolution
		SolutionGuid = {430C5CC4-51CC-4EE4-9F97-2AF988226AD6}
	EndGlobalSection
EndGlobal
